{
  "requires": true,
  "lockfileVersion": 1,
  "dependencies": {
    "@jaames/iro": {
      "version": "4.2.0",
      "resolved": "https://registry.npmjs.org/@jaames/iro/-/iro-4.2.0.tgz",
      "integrity": "sha512-PJnK+jMG8UhzMepeln8UfMp8wMe4GWsq1+iYHUDsIHl5TOB7vah+o5VBPNmg/Qx/azZTJud9F64x5BZ6Rp/7GQ=="
    }
  }
}
